<?xml version="1.0" encoding="utf-8"?>
<Project ToolsVersion="4.0" xmlns="http://schemas.microsoft.com/developer/msbuild/2003">
  <ItemGroup>
    <Filter Include="Source Files">
      <UniqueIdentifier>{4FC737F1-C7A5-4376-A066-2A32D752A2FF}</UniqueIdentifier>
      <Extensions>cpp;c;cc;cxx;def;odl;idl;hpj;bat;asm;asmx</Extensions>
    </Filter>
    <Filter Include="Header Files">
      <UniqueIdentifier>{93995380-89BD-4b04-88EB-625FBE52EBFB}</UniqueIdentifier>
      <Extensions>h;hh;hpp;hxx;hm;inl;inc;xsd</Extensions>
    </Filter>
    <Filter Include="Resource Files">
      <UniqueIdentifier>{67DA6AB6-F800-4c08-8B7A-83BB121AAD01}</UniqueIdentifier>
      <Extensions>rc;ico;cur;bmp;dlg;rc2;rct;bin;rgs;gif;jpg;jpeg;jpe;resx;tiff;tif;png;wav</Extensions>
    </Filter>
  </ItemGroup>
  <ItemGroup>
    <ClCompile Include="source\Application.cpp">
      <Filter>Source Files</Filter>
    </ClCompile>
    <ClCompile Include="source\Camera.cpp">
      <Filter>Source Files</Filter>
    </ClCompile>
    <ClCompile Include="source\Context.cpp">
      <Filter>Source Files</Filter>
    </ClCompile>
    <ClCompile Include="source\Main.cpp">
      <Filter>Source Files</Filter>
    </ClCompile>
    <ClCompile Include="source\Model.cpp">
      <Filter>Source Files</Filter>
    </ClCompile>
    <ClCompile Include="source\maths\Matrix.cpp">
      <Filter>Source Files</Filter>
    </ClCompile>
    <ClCompile Include="source\player\Player.cpp">
      <Filter>Source Files</Filter>
    </ClCompile>
    <ClCompile Include="source\renderer\QuadRenderer.cpp">
      <Filter>Source Files</Filter>
    </ClCompile>
    <ClCompile Include="source\renderer\RenderMaster.cpp">
      <Filter>Source Files</Filter>
    </ClCompile>
    <ClCompile Include="source\shaders\BasicShader.cpp">
      <Filter>Source Files</Filter>
    </ClCompile>
    <ClCompile Include="source\shaders\Shader.cpp">
      <Filter>Source Files</Filter>
    </ClCompile>
    <ClCompile Include="source\shaders\ShaderLoader.cpp">
      <Filter>Source Files</Filter>
    </ClCompile>
    <ClCompile Include="source\states\PlayingState.cpp">
      <Filter>Source Files</Filter>
    </ClCompile>
    <ClCompile Include="source\texture\BasicTexture.cpp">
      <Filter>Source Files</Filter>
    </ClCompile>
    <ClCompile Include="source\util\FileUtil.cpp">
      <Filter>Source Files</Filter>
    </ClCompile>
    <ClCompile Include="source\util\Random.cpp">
      <Filter>Source Files</Filter>
    </ClCompile>
  </ItemGroup>
  <ItemGroup>
    <ClInclude Include="source\Application.h">
      <Filter>Header Files</Filter>
    </ClInclude>
    <ClInclude Include="source\Camera.h">
      <Filter>Header Files</Filter>
    </ClInclude>
    <ClInclude Include="source\Context.h">
      <Filter>Header Files</Filter>
    </ClInclude>
    <ClInclude Include="source\Entity.h">
      <Filter>Header Files</Filter>
    </ClInclude>
    <ClInclude Include="source\Model.h">
      <Filter>Header Files</Filter>
    </ClInclude>
    <ClInclude Include="source\maths\glm.h">
      <Filter>Header Files</Filter>
    </ClInclude>
    <ClInclude Include="source\maths\Matrix.h">
      <Filter>Header Files</Filter>
    </ClInclude>
    <ClInclude Include="source\player\Player.h">
      <Filter>Header Files</Filter>
    </ClInclude>
    <ClInclude Include="source\renderer\QuadRenderer.h">
      <Filter>Header Files</Filter>
    </ClInclude>
    <ClInclude Include="source\renderer\RenderMaster.h">
      <Filter>Header Files</Filter>
    </ClInclude>
    <ClInclude Include="source\shaders\BasicShader.h">
      <Filter>Header Files</Filter>
    </ClInclude>
    <ClInclude Include="source\shaders\Shader.h">
      <Filter>Header Files</Filter>
    </ClInclude>
    <ClInclude Include="source\shaders\ShaderLoader.h">
      <Filter>Header Files</Filter>
    </ClInclude>
    <ClInclude Include="source\states\PlayingState.h">
      <Filter>Header Files</Filter>
    </ClInclude>
    <ClInclude Include="source\states\StateBase.h">
      <Filter>Header Files</Filter>
    </ClInclude>
    <ClInclude Include="source\texture\BasicTexture.h">
      <Filter>Header Files</Filter>
    </ClInclude>
    <ClInclude Include="source\util\FileUtil.h">
      <Filter>Header Files</Filter>
    </ClInclude>
    <ClInclude Include="source\util\NonCopyable.h">
      <Filter>Header Files</Filter>
    </ClInclude>
    <ClInclude Include="source\util\Random.h">
      <Filter>Header Files</Filter>
    </ClInclude>
    <ClInclude Include="source\util\Singleton.h">
      <Filter>Header Files</Filter>
    </ClInclude>
  </ItemGroup>
</Project>